
Microsoft Visual Studio Solution File, Format Version 12.00
# Visual Studio Version 17
VisualStudioVersion = 17.8.34525.116
MinimumVisualStudioVersion = 10.0.40219.1
Project("{FAE04EC0-301F-11D3-BF4B-00C04F79EFBC}") = "SuperMarket", "SuperMarket\SuperMarket.csproj", "{3298EDCC-1B2D-4154-8811-E6EB9F69AAC5}"
EndProject
Global
	GlobalSection(SolutionConfigurationPlatforms) = preSolution
		Debug|Any CPU = Debug|Any CPU
		Release|Any CPU = Release|Any CPU
	EndGlobalSection
	GlobalSection(ProjectConfigurationPlatforms) = postSolution
		{3298EDCC-1B2D-4154-8811-E6EB9F69AAC5}.Debug|Any CPU.ActiveCfg = Debug|Any CPU
		{3298EDCC-1B2D-4154-8811-E6EB9F69AAC5}.Debug|Any CPU.Build.0 = Debug|Any CPU
		{3298EDCC-1B2D-4154-8811-E6EB9F69AAC5}.Release|Any CPU.ActiveCfg = Release|Any CPU
		{3298EDCC-1B2D-4154-8811-E6EB9F69AAC5}.Release|Any CPU.Build.0 = Release|Any CPU
	EndGlobalSection
	GlobalSection(SolutionProperties) = preSolution
		HideSolutionNode = FALSE
	EndGlobalSection
	GlobalSection(ExtensibilityGlobals) = postSolution
		SolutionGuid = {C5F22DB0-D796-4961-BB41-1BD2544D8C70}
	EndGlobalSection
EndGlobal
